
Microsoft Visual Studio Solution File, Format Version 12.00
# Visual Studio Version 16
VisualStudioVersion = 16.0.28803.202
MinimumVisualStudioVersion = 10.0.40219.1
Project("{FAE04EC0-301F-11D3-BF4B-00C04F79EFBC}") = "JopWebsite", "JopWebsite\JopWebsite.csproj", "{D9B37147-F3E7-4EC8-8747-F1EA50E9A1F5}"
EndProject
Global
	GlobalSection(SolutionConfigurationPlatforms) = preSolution
		Debug|Any CPU = Debug|Any CPU
		Release|Any CPU = Release|Any CPU
	EndGlobalSection
	GlobalSection(ProjectConfigurationPlatforms) = postSolution
		{D9B37147-F3E7-4EC8-8747-F1EA50E9A1F5}.Debug|Any CPU.ActiveCfg = Debug|Any CPU
		{D9B37147-F3E7-4EC8-8747-F1EA50E9A1F5}.Debug|Any CPU.Build.0 = Debug|Any CPU
		{D9B37147-F3E7-4EC8-8747-F1EA50E9A1F5}.Release|Any CPU.ActiveCfg = Release|Any CPU
		{D9B37147-F3E7-4EC8-8747-F1EA50E9A1F5}.Release|Any CPU.Build.0 = Release|Any CPU
	EndGlobalSection
	GlobalSection(SolutionProperties) = preSolution
		HideSolutionNode = FALSE
	EndGlobalSection
	GlobalSection(ExtensibilityGlobals) = postSolution
		SolutionGuid = {E5E06F6E-7AC0-4C85-AA84-3C17B0DFD40E}
	EndGlobalSection
EndGlobal
